
Microsoft Visual Studio Solution File, Format Version 12.00
# Visual Studio Version 17
VisualStudioVersion = 17.3.32929.385
MinimumVisualStudioVersion = 10.0.40219.1
Project("{9A19103F-16F7-4668-BE54-9A1E7A4F7556}") = "xuexiaojie", "C:\Users\xue\Desktop\面试\机试\EFCoreTest\xuexiaojie\xuexiaojie.csproj", "{4A6F89B1-48BD-4C65-892C-9C5B3E804B7C}"
EndProject
Global
	GlobalSection(SolutionConfigurationPlatforms) = preSolution
		Debug|Any CPU = Debug|Any CPU
		Release|Any CPU = Release|Any CPU
	EndGlobalSection
	GlobalSection(ProjectConfigurationPlatforms) = postSolution
		{4A6F89B1-48BD-4C65-892C-9C5B3E804B7C}.Debug|Any CPU.ActiveCfg = Debug|Any CPU
		{4A6F89B1-48BD-4C65-892C-9C5B3E804B7C}.Debug|Any CPU.Build.0 = Debug|Any CPU
		{4A6F89B1-48BD-4C65-892C-9C5B3E804B7C}.Release|Any CPU.ActiveCfg = Release|Any CPU
		{4A6F89B1-48BD-4C65-892C-9C5B3E804B7C}.Release|Any CPU.Build.0 = Release|Any CPU
	EndGlobalSection
	GlobalSection(SolutionProperties) = preSolution
		HideSolutionNode = FALSE
	EndGlobalSection
	GlobalSection(ExtensibilityGlobals) = postSolution
		SolutionGuid = {45E6B09E-A30B-4DCF-A380-D262A2A387D9}
	EndGlobalSection
EndGlobal
